
Microsoft Visual Studio Solution File, Format Version 12.00
# Visual Studio Version 16
VisualStudioVersion = 16.0.29519.87
MinimumVisualStudioVersion = 10.0.40219.1
Project("{FAE04EC0-301F-11D3-BF4B-00C04F79EFBC}") = "AwaitAsyncTest", "AwaitAsyncTest\AwaitAsyncTest.csproj", "{96C7E2DC-62E1-4CD1-9720-0586B227B6CF}"
EndProject
Global
	GlobalSection(SolutionConfigurationPlatforms) = preSolution
		Debug|Any CPU = Debug|Any CPU
		Release|Any CPU = Release|Any CPU
	EndGlobalSection
	GlobalSection(ProjectConfigurationPlatforms) = postSolution
		{96C7E2DC-62E1-4CD1-9720-0586B227B6CF}.Debug|Any CPU.ActiveCfg = Debug|Any CPU
		{96C7E2DC-62E1-4CD1-9720-0586B227B6CF}.Debug|Any CPU.Build.0 = Debug|Any CPU
		{96C7E2DC-62E1-4CD1-9720-0586B227B6CF}.Release|Any CPU.ActiveCfg = Release|Any CPU
		{96C7E2DC-62E1-4CD1-9720-0586B227B6CF}.Release|Any CPU.Build.0 = Release|Any CPU
	EndGlobalSection
	GlobalSection(SolutionProperties) = preSolution
		HideSolutionNode = FALSE
	EndGlobalSection
	GlobalSection(ExtensibilityGlobals) = postSolution
		SolutionGuid = {D626CAB4-8C74-4B61-A2D1-CD3F203C01B3}
	EndGlobalSection
EndGlobal
